
Microsoft Visual Studio Solution File, Format Version 12.00
# Visual Studio Version 17
VisualStudioVersion = 17.14.36414.22
MinimumVisualStudioVersion = 10.0.40219.1
Project("{FAE04EC0-301F-11D3-BF4B-00C04F79EFBC}") = "Scheduler.Cli", "Scheduler.Cli\Scheduler.Cli.csproj", "{8410B242-5EB4-D573-8146-DD002A5932A2}"
EndProject
Project("{FAE04EC0-301F-11D3-BF4B-00C04F79EFBC}") = "Scheduler.Web", "Scheduler.Web\Scheduler.Web.csproj", "{503A4E73-B5D4-41F7-A995-4FE5FB977F14}"
EndProject
Project("{FAE04EC0-301F-11D3-BF4B-00C04F79EFBC}") = "Scheduler.Application", "Scheduler.Application\Scheduler.Application.csproj", "{7E013B26-E324-49B1-81CD-68601E7871E8}"
EndProject
Project("{FAE04EC0-301F-11D3-BF4B-00C04F79EFBC}") = "Scheduler.Domain", "Scheduler.Domain\Scheduler.Domain.csproj", "{8F59A48E-B7F7-4AED-9AF0-F730C3330EA7}"
EndProject
Project("{2150E333-8FDC-42A3-9474-1A3956D46DE8}") = "frontend", "frontend", "{02EA681E-C7D8-13C7-8484-4AC65E1B71E8}"
EndProject
Project("{E24C65DC-7377-472B-9ABA-BC803B73C61A}") = "scheduler-web-ui", "frontend\scheduler-web-ui\", "{7C20DAF6-4BC2-A1F8-2017-57AFC84F48CF}"
	ProjectSection(WebsiteProperties) = preProject
		TargetFrameworkMoniker = ".NETFramework,Version%3Dv4.8"
		Debug.AspNetCompiler.VirtualPath = "/localhost_54701"
		Debug.AspNetCompiler.PhysicalPath = "frontend\scheduler-web-ui\"
		Debug.AspNetCompiler.TargetPath = "PrecompiledWeb\localhost_54701\"
		Debug.AspNetCompiler.Updateable = "true"
		Debug.AspNetCompiler.ForceOverwrite = "true"
		Debug.AspNetCompiler.FixedNames = "false"
		Debug.AspNetCompiler.Debug = "True"
		Release.AspNetCompiler.VirtualPath = "/localhost_54701"
		Release.AspNetCompiler.PhysicalPath = "frontend\scheduler-web-ui\"
		Release.AspNetCompiler.TargetPath = "PrecompiledWeb\localhost_54701\"
		Release.AspNetCompiler.Updateable = "true"
		Release.AspNetCompiler.ForceOverwrite = "true"
		Release.AspNetCompiler.FixedNames = "false"
		Release.AspNetCompiler.Debug = "False"
		VWDPort = "54701"
	EndProjectSection
EndProject
Global
	GlobalSection(SolutionConfigurationPlatforms) = preSolution
		Debug|Any CPU = Debug|Any CPU
		Release|Any CPU = Release|Any CPU
	EndGlobalSection
	GlobalSection(ProjectConfigurationPlatforms) = postSolution
		{8410B242-5EB4-D573-8146-DD002A5932A2}.Debug|Any CPU.ActiveCfg = Debug|Any CPU
		{8410B242-5EB4-D573-8146-DD002A5932A2}.Debug|Any CPU.Build.0 = Debug|Any CPU
		{8410B242-5EB4-D573-8146-DD002A5932A2}.Release|Any CPU.ActiveCfg = Release|Any CPU
		{8410B242-5EB4-D573-8146-DD002A5932A2}.Release|Any CPU.Build.0 = Release|Any CPU
		{503A4E73-B5D4-41F7-A995-4FE5FB977F14}.Debug|Any CPU.ActiveCfg = Debug|Any CPU
		{503A4E73-B5D4-41F7-A995-4FE5FB977F14}.Debug|Any CPU.Build.0 = Debug|Any CPU
		{503A4E73-B5D4-41F7-A995-4FE5FB977F14}.Release|Any CPU.ActiveCfg = Release|Any CPU
		{503A4E73-B5D4-41F7-A995-4FE5FB977F14}.Release|Any CPU.Build.0 = Release|Any CPU
		{7E013B26-E324-49B1-81CD-68601E7871E8}.Debug|Any CPU.ActiveCfg = Debug|Any CPU
		{7E013B26-E324-49B1-81CD-68601E7871E8}.Debug|Any CPU.Build.0 = Debug|Any CPU
		{7E013B26-E324-49B1-81CD-68601E7871E8}.Release|Any CPU.ActiveCfg = Release|Any CPU
		{7E013B26-E324-49B1-81CD-68601E7871E8}.Release|Any CPU.Build.0 = Release|Any CPU
		{8F59A48E-B7F7-4AED-9AF0-F730C3330EA7}.Debug|Any CPU.ActiveCfg = Debug|Any CPU
		{8F59A48E-B7F7-4AED-9AF0-F730C3330EA7}.Debug|Any CPU.Build.0 = Debug|Any CPU
		{8F59A48E-B7F7-4AED-9AF0-F730C3330EA7}.Release|Any CPU.ActiveCfg = Release|Any CPU
		{8F59A48E-B7F7-4AED-9AF0-F730C3330EA7}.Release|Any CPU.Build.0 = Release|Any CPU
		{7C20DAF6-4BC2-A1F8-2017-57AFC84F48CF}.Debug|Any CPU.ActiveCfg = Debug|Any CPU
		{7C20DAF6-4BC2-A1F8-2017-57AFC84F48CF}.Debug|Any CPU.Build.0 = Debug|Any CPU
		{7C20DAF6-4BC2-A1F8-2017-57AFC84F48CF}.Release|Any CPU.ActiveCfg = Debug|Any CPU
		{7C20DAF6-4BC2-A1F8-2017-57AFC84F48CF}.Release|Any CPU.Build.0 = Debug|Any CPU
	EndGlobalSection
	GlobalSection(SolutionProperties) = preSolution
		HideSolutionNode = FALSE
	EndGlobalSection
	GlobalSection(NestedProjects) = preSolution
		{7C20DAF6-4BC2-A1F8-2017-57AFC84F48CF} = {02EA681E-C7D8-13C7-8484-4AC65E1B71E8}
	EndGlobalSection
	GlobalSection(ExtensibilityGlobals) = postSolution
		SolutionGuid = {D0536CC7-4C55-4B3B-B2FB-A29BFFF9AD53}
	EndGlobalSection
EndGlobal
